
Microsoft Visual Studio Solution File, Format Version 12.00
# Visual Studio Version 17
VisualStudioVersion = 17.9.34728.123
MinimumVisualStudioVersion = 10.0.40219.1
Project("{FAE04EC0-301F-11D3-BF4B-00C04F79EFBC}") = "213 - Doors", "213 - Doors\213 - Doors.csproj", "{64064C13-4AD2-449A-B23D-AAD5561344B1}"
EndProject
Global
	GlobalSection(SolutionConfigurationPlatforms) = preSolution
		Debug|Any CPU = Debug|Any CPU
		Release|Any CPU = Release|Any CPU
	EndGlobalSection
	GlobalSection(ProjectConfigurationPlatforms) = postSolution
		{64064C13-4AD2-449A-B23D-AAD5561344B1}.Debug|Any CPU.ActiveCfg = Debug|Any CPU
		{64064C13-4AD2-449A-B23D-AAD5561344B1}.Debug|Any CPU.Build.0 = Debug|Any CPU
		{64064C13-4AD2-449A-B23D-AAD5561344B1}.Release|Any CPU.ActiveCfg = Release|Any CPU
		{64064C13-4AD2-449A-B23D-AAD5561344B1}.Release|Any CPU.Build.0 = Release|Any CPU
	EndGlobalSection
	GlobalSection(SolutionProperties) = preSolution
		HideSolutionNode = FALSE
	EndGlobalSection
	GlobalSection(ExtensibilityGlobals) = postSolution
		SolutionGuid = {F95B1B1D-A990-40DB-B365-8162728CB60C}
	EndGlobalSection
EndGlobal
