
Microsoft Visual Studio Solution File, Format Version 12.00
# Visual Studio Version 17
VisualStudioVersion = 17.9.34728.123
MinimumVisualStudioVersion = 10.0.40219.1
Project("{FAE04EC0-301F-11D3-BF4B-00C04F79EFBC}") = "213 - Passwords", "213 - Passwords\213 - Passwords.csproj", "{D3B8B65F-38C7-4E80-98EB-3D3256BE4774}"
EndProject
Global
	GlobalSection(SolutionConfigurationPlatforms) = preSolution
		Debug|Any CPU = Debug|Any CPU
		Release|Any CPU = Release|Any CPU
	EndGlobalSection
	GlobalSection(ProjectConfigurationPlatforms) = postSolution
		{D3B8B65F-38C7-4E80-98EB-3D3256BE4774}.Debug|Any CPU.ActiveCfg = Debug|Any CPU
		{D3B8B65F-38C7-4E80-98EB-3D3256BE4774}.Debug|Any CPU.Build.0 = Debug|Any CPU
		{D3B8B65F-38C7-4E80-98EB-3D3256BE4774}.Release|Any CPU.ActiveCfg = Release|Any CPU
		{D3B8B65F-38C7-4E80-98EB-3D3256BE4774}.Release|Any CPU.Build.0 = Release|Any CPU
	EndGlobalSection
	GlobalSection(SolutionProperties) = preSolution
		HideSolutionNode = FALSE
	EndGlobalSection
	GlobalSection(ExtensibilityGlobals) = postSolution
		SolutionGuid = {86B13756-5B8A-4CAC-AC31-F35E74343AD6}
	EndGlobalSection
EndGlobal
